
Microsoft Visual Studio Solution File, Format Version 12.00
# Visual Studio Version 17
VisualStudioVersion = 17.0.32112.339
MinimumVisualStudioVersion = 10.0.40219.1
Project("{FAE04EC0-301F-11D3-BF4B-00C04F79EFBC}") = "CAcruzlara", "CAcruzlara.csproj", "{53A86680-39DC-4FA0-857F-3BA84178087C}"
EndProject
Global
	GlobalSection(SolutionConfigurationPlatforms) = preSolution
		Debug|Any CPU = Debug|Any CPU
		Release|Any CPU = Release|Any CPU
	EndGlobalSection
	GlobalSection(ProjectConfigurationPlatforms) = postSolution
		{53A86680-39DC-4FA0-857F-3BA84178087C}.Debug|Any CPU.ActiveCfg = Debug|Any CPU
		{53A86680-39DC-4FA0-857F-3BA84178087C}.Debug|Any CPU.Build.0 = Debug|Any CPU
		{53A86680-39DC-4FA0-857F-3BA84178087C}.Release|Any CPU.ActiveCfg = Release|Any CPU
		{53A86680-39DC-4FA0-857F-3BA84178087C}.Release|Any CPU.Build.0 = Release|Any CPU
	EndGlobalSection
	GlobalSection(SolutionProperties) = preSolution
		HideSolutionNode = FALSE
	EndGlobalSection
	GlobalSection(ExtensibilityGlobals) = postSolution
		SolutionGuid = {216AF3BE-FC9A-41A6-AA97-7885F9B3B025}
	EndGlobalSection
EndGlobal
