
Microsoft Visual Studio Solution File, Format Version 12.00
# Visual Studio Version 17
VisualStudioVersion = 17.0.32126.317
MinimumVisualStudioVersion = 10.0.40219.1
Project("{FAE04EC0-301F-11D3-BF4B-00C04F79EFBC}") = "WFcruzlara", "WFcruzlara.csproj", "{129D204C-FFDF-4B54-9772-611DF74079A8}"
EndProject
Global
	GlobalSection(SolutionConfigurationPlatforms) = preSolution
		Debug|Any CPU = Debug|Any CPU
		Release|Any CPU = Release|Any CPU
	EndGlobalSection
	GlobalSection(ProjectConfigurationPlatforms) = postSolution
		{129D204C-FFDF-4B54-9772-611DF74079A8}.Debug|Any CPU.ActiveCfg = Debug|Any CPU
		{129D204C-FFDF-4B54-9772-611DF74079A8}.Debug|Any CPU.Build.0 = Debug|Any CPU
		{129D204C-FFDF-4B54-9772-611DF74079A8}.Release|Any CPU.ActiveCfg = Release|Any CPU
		{129D204C-FFDF-4B54-9772-611DF74079A8}.Release|Any CPU.Build.0 = Release|Any CPU
	EndGlobalSection
	GlobalSection(SolutionProperties) = preSolution
		HideSolutionNode = FALSE
	EndGlobalSection
	GlobalSection(ExtensibilityGlobals) = postSolution
		SolutionGuid = {CE6C4A65-3BF4-47B7-958D-FCB9E6B89033}
	EndGlobalSection
EndGlobal
